
Microsoft Visual Studio Solution File, Format Version 12.00
# Visual Studio 15
VisualStudioVersion = 15.0.28307.1231
MinimumVisualStudioVersion = 10.0.40219.1
Project("{FAE04EC0-301F-11D3-BF4B-00C04F79EFBC}") = "ProductsApp", "ProductsApp\ProductsApp.csproj", "{4E678C64-156D-41AA-855E-F11104C3FA37}"
EndProject
Project("{FAE04EC0-301F-11D3-BF4B-00C04F79EFBC}") = "ProductsApp.Tests", "ProductsApp.Tests\ProductsApp.Tests.csproj", "{571CE453-101C-4C51-B291-A1C02D721B31}"
EndProject
Global
	GlobalSection(SolutionConfigurationPlatforms) = preSolution
		Debug|Any CPU = Debug|Any CPU
		Release|Any CPU = Release|Any CPU
	EndGlobalSection
	GlobalSection(ProjectConfigurationPlatforms) = postSolution
		{4E678C64-156D-41AA-855E-F11104C3FA37}.Debug|Any CPU.ActiveCfg = Debug|Any CPU
		{4E678C64-156D-41AA-855E-F11104C3FA37}.Debug|Any CPU.Build.0 = Debug|Any CPU
		{4E678C64-156D-41AA-855E-F11104C3FA37}.Release|Any CPU.ActiveCfg = Release|Any CPU
		{4E678C64-156D-41AA-855E-F11104C3FA37}.Release|Any CPU.Build.0 = Release|Any CPU
		{571CE453-101C-4C51-B291-A1C02D721B31}.Debug|Any CPU.ActiveCfg = Debug|Any CPU
		{571CE453-101C-4C51-B291-A1C02D721B31}.Debug|Any CPU.Build.0 = Debug|Any CPU
		{571CE453-101C-4C51-B291-A1C02D721B31}.Release|Any CPU.ActiveCfg = Release|Any CPU
		{571CE453-101C-4C51-B291-A1C02D721B31}.Release|Any CPU.Build.0 = Release|Any CPU
	EndGlobalSection
	GlobalSection(SolutionProperties) = preSolution
		HideSolutionNode = FALSE
	EndGlobalSection
	GlobalSection(ExtensibilityGlobals) = postSolution
		SolutionGuid = {F533B901-42B8-4201-ABB5-3A4494888655}
	EndGlobalSection
EndGlobal
